lockfileVersion: 5.4

specifiers:
  '@types/fs-extra': ^9.0.13
  '@types/node': ^18.7.21
  '@types/random-number-csprng': ^1.0.0
  chalk: ^5.0.1
  fs-extra: ^10.1.0
  random-number-csprng: ^1.0.2

dependencies:
  '@types/fs-extra': 9.0.13
  '@types/node': 18.7.21
  '@types/random-number-csprng': 1.0.0
  chalk: 5.0.1
  fs-extra: 10.1.0
  random-number-csprng: 1.0.2

packages:

  /@types/fs-extra/9.0.13:
    resolution: {integrity: sha512-nEnwB++1u5lVDM2UI4c1+5R+FYaKfaAzS4OococimjVm3nQw3TuzH5UNsocrcTBbhnerblyHj4A49qXbIiZdpA==}
    dependencies:
      '@types/node': 18.7.21
    dev: false

  /@types/node/18.7.21:
    resolution: {integrity: sha512-rLFzK5bhM0YPyCoTC8bolBjMk7bwnZ8qeZUBslBfjZQou2ssJdWslx9CZ8DGM+Dx7QXQiiTVZ/6QO6kwtHkZCA==}
    dev: false

  /@types/random-number-csprng/1.0.0:
    resolution: {integrity: sha512-JmNWSCGbay5HGkHb/WF0Ju3XTHP0tMLUhAOk4fsw+b1GQ9rC/WP9uLeuulWLVERCg3KoyTCNzsJX4jSi4ShKaw==}
    dev: false

  /bluebird/3.7.2:
    resolution: {integrity: sha512-XpNj6GDQzdfW+r2Wnn7xiSAd7TM3jzkxGXBGTtWKuSXv1xUV+azxAm8jdWZN06QTQk+2N2XB9jRDkvbmQmcRtg==}
    dev: false

  /chalk/5.0.1:
    resolution: {integrity: sha512-Fo07WOYGqMfCWHOzSXOt2CxDbC6skS/jO9ynEcmpANMoPrD+W1r1K6Vx7iNm+AQmETU1Xr2t+n8nzkV9t6xh3w==}
    engines: {node: ^12.17.0 || ^14.13 || >=16.0.0}
    dev: false

  /create-error/0.3.1:
    resolution: {integrity: sha512-n/Q4aSCtYuuDneEW5Q+nd0IIZwbwmX/oF6wKcDUhXGJNwhmp2WHEoWKz7X+/H7rBtjimInW7f0ceouxU0SmuzQ==}
    dev: false

  /fs-extra/10.1.0:
    resolution: {integrity: sha512-oRXApq54ETRj4eMiFzGnHWGy+zo5raudjuxN0b8H7s/RU2oW0Wvsx9O0ACRN/kRq9E8Vu/ReskGB5o3ji+FzHQ==}
    engines: {node: '>=12'}
    dependencies:
      graceful-fs: 4.2.10
      jsonfile: 6.1.0
      universalify: 2.0.0
    dev: false

  /graceful-fs/4.2.10:
    resolution: {integrity: sha512-9ByhssR2fPVsNZj478qUUbKfmL0+t5BDVyjShtyZZLiK7ZDAArFFfopyOTj0M05wE2tJPisA4iTnnXl2YoPvOA==}
    dev: false

  /jsonfile/6.1.0:
    resolution: {integrity: sha512-5dgndWOriYSm5cnYaJNhalLNDKOqFwyDB/rr1E9ZsGciGvKPs8R2xYGCacuf3z6K1YKDz182fd+fY3cn3pMqXQ==}
    dependencies:
      universalify: 2.0.0
    optionalDependencies:
      graceful-fs: 4.2.10
    dev: false

  /random-number-csprng/1.0.2:
    resolution: {integrity: sha512-Gb7ZsEXfz6d9xAMCUg2tD0ouRZMOZRRvLsRoUyPlVS4/pNwO31IA88yAx6AEYXon/LzogWJdsCRwFQaFlQTaHw==}
    dependencies:
      bluebird: 3.7.2
      create-error: 0.3.1
    dev: false

  /universalify/2.0.0:
    resolution: {integrity: sha512-hAZsKq7Yy11Zu1DE0OzWjw7nnLZmJZYTDZZyEFHZdUhV8FkH5MCfoU1XMaxXovpyW5nq5scPqq0ZDP9Zyl04oQ==}
    engines: {node: '>= 10.0.0'}
    dev: false
